
Microsoft Visual Studio Solution File, Format Version 12.00
# Visual Studio Version 17
VisualStudioVersion = 17.11.35303.130
MinimumVisualStudioVersion = 10.0.40219.1
Project("{9A19103F-16F7-4668-BE54-9A1E7A4F7556}") = "ProjectManagmentAssignmentNew", "ProjectManagmentAssignment\ProjectManagmentAssignmentNew.csproj", "{4A1AA0C2-5840-4EAF-9529-61FA2BFDEE17}"
EndProject
Global
	GlobalSection(SolutionConfigurationPlatforms) = preSolution
		Debug|Any CPU = Debug|Any CPU
		Release|Any CPU = Release|Any CPU
	EndGlobalSection
	GlobalSection(ProjectConfigurationPlatforms) = postSolution
		{4A1AA0C2-5840-4EAF-9529-61FA2BFDEE17}.Debug|Any CPU.ActiveCfg = Debug|Any CPU
		{4A1AA0C2-5840-4EAF-9529-61FA2BFDEE17}.Debug|Any CPU.Build.0 = Debug|Any CPU
		{4A1AA0C2-5840-4EAF-9529-61FA2BFDEE17}.Release|Any CPU.ActiveCfg = Release|Any CPU
		{4A1AA0C2-5840-4EAF-9529-61FA2BFDEE17}.Release|Any CPU.Build.0 = Release|Any CPU
	EndGlobalSection
	GlobalSection(SolutionProperties) = preSolution
		HideSolutionNode = FALSE
	EndGlobalSection
	GlobalSection(ExtensibilityGlobals) = postSolution
		SolutionGuid = {C3790A4C-C93B-47A6-83CF-838812A10D2F}
	EndGlobalSection
EndGlobal
